// !$*UTF8*$!
{
	archiveVersion = 1;
	classes = {
	};
	objectVersion = 46;
	objects = {

/* Begin PBXBuildFile section */
		9FB950241E7565F5000C6805 /* SchoolTableViewCell.swift in Sources */ = {isa = PBXBuildFile; fileRef = 9FB950231E7565F5000C6805 /* SchoolTableViewCell.swift */; };
		9FED8F2F1E73A4A100AE5E64 /* AppDelegate.swift in Sources */ = {isa = PBXBuildFile; fileRef = 9FED8F2E1E73A4A100AE5E64 /* AppDelegate.swift */; };
		9FED8F311E73A4A100AE5E64 /* ViewController.swift in Sources */ = {isa = PBXBuildFile; fileRef = 9FED8F301E73A4A100AE5E64 /* ViewController.swift */; };
		9FED8F341E73A4A100AE5E64 /* Main.storyboard in Resources */ = {isa = PBXBuildFile; fileRef = 9FED8F321E73A4A100AE5E64 /* Main.storyboard */; };
		9FED8F371E73A4A100AE5E64 /* demoCoreData.xcdatamodeld in Sources */ = {isa = PBXBuildFile; fileRef = 9FED8F351E73A4A100AE5E64 /* demoCoreData.xcdatamodeld */; };
		9FED8F391E73A4A100AE5E64 /* Assets.xcassets in Resources */ = {isa = PBXBuildFile; fileRef = 9FED8F381E73A4A100AE5E64 /* Assets.xcassets */; };
		9FED8F3C1E73A4A100AE5E64 /* LaunchScreen.storyboard in Resources */ = {isa = PBXBuildFile; fileRef = 9FED8F3A1E73A4A100AE5E64 /* LaunchScreen.storyboard */; };
		9FF8A1001E74F3D100634A24 /* School.swift in Sources */ = {isa = PBXBuildFile; fileRef = 9FF8A0FF1E74F3D100634A24 /* School.swift */; };
/* End PBXBuildFile section */

/* Begin PBXFileReference section */
		9FB950231E7565F5000C6805 /* SchoolTableViewCell.swift */ = {isa = PBXFileReference; fileEncoding = 4; lastKnownFileType = sourcecode.swift; path = SchoolTableViewCell.swift; sourceTree = "<group>"; };
		9FED8F2B1E73A4A100AE5E64 /* demoCoreData.app */ = {isa = PBXFileReference; explicitFileType = wrapper.application; includeInIndex = 0; path = demoCoreData.app; sourceTree = BUILT_PRODUCTS_DIR; };
		9FED8F2E1E73A4A100AE5E64 /* AppDelegate.swift */ = {isa = PBXFileReference; lastKnownFileType = sourcecode.swift; path = AppDelegate.swift; sourceTree = "<group>"; };
		9FED8F301E73A4A100AE5E64 /* ViewController.swift */ = {isa = PBXFileReference; lastKnownFileType = sourcecode.swift; path = ViewController.swift; sourceTree = "<group>"; };
		9FED8F331E73A4A100AE5E64 /* Base */ = {isa = PBXFileReference; lastKnownFileType = file.storyboard; name = Base; path = Base.lproj/Main.storyboard; sourceTree = "<group>"; };
		9FED8F361E73A4A100AE5E64 /* demoCoreData.xcdatamodel */ = {isa = PBXFileReference; lastKnownFileType = wrapper.xcdatamodel; path = demoCoreData.xcdatamodel; sourceTree = "<group>"; };
		9FED8F381E73A4A100AE5E64 /* Assets.xcassets */ = {isa = PBXFileReference; lastKnownFileType = folder.assetcatalog; path = Assets.xcassets; sourceTree = "<group>"; };
		9FED8F3B1E73A4A100AE5E64 /* Base */ = {isa = PBXFileReference; lastKnownFileType = file.storyboard; name = Base; path = Base.lproj/LaunchScreen.storyboard; sourceTree = "<group>"; };
		9FED8F3D1E73A4A100AE5E64 /* Info.plist */ = {isa = PBXFileReference; lastKnownFileType = text.plist.xml; path = Info.plist; sourceTree = "<group>"; };
		9FF8A0FF1E74F3D100634A24 /* School.swift */ = {isa = PBXFileReference; fileEncoding = 4; lastKnownFileType = sourcecode.swift; path = School.swift; sourceTree = "<group>"; };
/* End PBXFileReference section */

/* Begin PBXFrameworksBuildPhase section */
		9FED8F281E73A4A100AE5E64 /* Frameworks */ = {
			isa = PBXFrameworksBuildPhase;
			buildActionMask = 2147483647;
			files = (
			);
			runOnlyForDeploymentPostprocessing = 0;
		};
/* End PBXFrameworksBuildPhase section */

/* Begin PBXGroup section */
		9FED8F221E73A4A100AE5E64 = {
			isa = PBXGroup;
			children = (
				9FED8F2D1E73A4A100AE5E64 /* demoCoreData */,
				9FED8F2C1E73A4A100AE5E64 /* Products */,
			);
			sourceTree = "<group>";
		};
		9FED8F2C1E73A4A100AE5E64 /* Products */ = {
			isa = PBXGroup;
			children = (
				9FED8F2B1E73A4A100AE5E64 /* demoCoreData.app */,
			);
			name = Products;
			sourceTree = "<group>";
		};
		9FED8F2D1E73A4A100AE5E64 /* demoCoreData */ = {
			isa = PBXGroup;
			children = (
				9FED8F2E1E73A4A100AE5E64 /* AppDelegate.swift */,
				9FED8F301E73A4A100AE5E64 /* ViewController.swift */,
				9FED8F321E73A4A100AE5E64 /* Main.storyboard */,
				9FF8A0FF1E74F3D100634A24 /* School.swift */,
				9FED8F381E73A4A100AE5E64 /* Assets.xcassets */,
				9FED8F3A1E73A4A100AE5E64 /* LaunchScreen.storyboard */,
				9FED8F3D1E73A4A100AE5E64 /* Info.plist */,
				9FED8F351E73A4A100AE5E64 /* demoCoreData.xcdatamodeld */,
				9FB950231E7565F5000C6805 /* SchoolTableViewCell.swift */,
			);
			path = demoCoreData;
			sourceTree = "<group>";
		};
/* End PBXGroup section */

/* Begin PBXNativeTarget section */
		9FED8F2A1E73A4A100AE5E64 /* demoCoreData */ = {
			isa = PBXNativeTarget;
			buildConfigurationList = 9FED8F401E73A4A100AE5E64 /* Build configuration list for PBXNativeTarget "demoCoreData" */;
			buildPhases = (
				9FED8F271E73A4A100AE5E64 /* Sources */,
				9FED8F281E73A4A100AE5E64 /* Frameworks */,
				9FED8F291E73A4A100AE5E64 /* Resources */,
			);
			buildRules = (
			);
			dependencies = (
			);
			name = demoCoreData;
			productName = demoCoreData;
			productReference = 9FED8F2B1E73A4A100AE5E64 /* demoCoreData.app */;
			productType = "com.apple.product-type.application";
		};
/* End PBXNativeTarget section */

/* Begin PBXProject section */
		9FED8F231E73A4A100AE5E64 /* Project object */ = {
			isa = PBXProject;
			attributes = {
				LastSwiftUpdateCheck = 0820;
				LastUpgradeCheck = 0820;
				ORGANIZATIONNAME = Godfather;
				TargetAttributes = {
					9FED8F2A1E73A4A100AE5E64 = {
						CreatedOnToolsVersion = 8.2.1;
						DevelopmentTeam = RW3UGNN4H9;
						ProvisioningStyle = Automatic;
					};
				};
			};
			buildConfigurationList = 9FED8F261E73A4A100AE5E64 /* Build configuration list for PBXProject "demoCoreData" */;
			compatibilityVersion = "Xcode 3.2";
			developmentRegion = English;
			hasScannedForEncodings = 0;
			knownRegions = (
				en,
				Base,
			);
			mainGroup = 9FED8F221E73A4A100AE5E64;
			productRefGroup = 9FED8F2C1E73A4A100AE5E64 /* Products */;
			projectDirPath = "";
			projectRoot = "";
			targets = (
				9FED8F2A1E73A4A100AE5E64 /* demoCoreData */,
			);
		};
/* End PBXProject section */

/* Begin PBXResourcesBuildPhase section */
		9FED8F291E73A4A100AE5E64 /* Resources */ = {
			isa = PBXResourcesBuildPhase;
			buildActionMask = 2147483647;
			files = (
				9FED8F3C1E73A4A100AE5E64 /* LaunchScreen.storyboard in Resources */,
				9FED8F391E73A4A100AE5E64 /* Assets.xcassets in Resources */,
				9FED8F341E73A4A100AE5E64 /* Main.storyboard in Resources */,
			);
			runOnlyForDeploymentPostprocessing = 0;
		};
/* End PBXResourcesBuildPhase section */

/* Begin PBXSourcesBuildPhase section */
		9FED8F271E73A4A100AE5E64 /* Sources */ = {
			isa = PBXSourcesBuildPhase;
			buildActionMask = 2147483647;
			files = (
				9FB950241E7565F5000C6805 /* SchoolTableViewCell.swift in Sources */,
				9FED8F371E73A4A100AE5E64 /* demoCoreData.xcdatamodeld in Sources */,
				9FED8F311E73A4A100AE5E64 /* ViewController.swift in Sources */,
				9FED8F2F1E73A4A100AE5E64 /* AppDelegate.swift in Sources */,
				9FF8A1001E74F3D100634A24 /* School.swift in Sources */,
			);
			runOnlyForDeploymentPostprocessing = 0;
		};
/* End PBXSourcesBuildPhase section */

/* Begin PBXVariantGroup section */
		9FED8F321E73A4A100AE5E64 /* Main.storyboard */ = {
			isa = PBXVariantGroup;
			children = (
				9FED8F331E73A4A100AE5E64 /* Base */,
			);
			name = Main.storyboard;
			sourceTree = "<group>";
		};
		9FED8F3A1E73A4A100AE5E64 /* LaunchScreen.storyboard */ = {
			isa = PBXVariantGroup;
			children = (
				9FED8F3B1E73A4A100AE5E64 /* Base */,
			);
			name = LaunchScreen.storyboard;
			sourceTree = "<group>";
		};
/* End PBXVariantGroup section */

/* Begin XCBuildConfiguration section */
		9FED8F3E1E73A4A100AE5E64 /* Debug */ = {
			isa = XCBuildConfiguration;
			buildSettings = {
				ALWAYS_SEARCH_USER_PATHS = NO;
				CLANG_ANALYZER_NONNULL = YES;
				CLANG_CXX_LANGUAGE_STANDARD = "gnu++0x";
				CLANG_CXX_LIBRARY = "libc++";
				CLANG_ENABLE_MODULES = YES;
				CLANG_ENABLE_OBJC_ARC = YES;
				CLANG_WARN_BOOL_CONVERSION = YES;
				CLANG_WARN_CONSTANT_CONVERSION = YES;
				CLANG_WARN_DIRECT_OBJC_ISA_USAGE = YES_ERROR;
				CLANG_WARN_DOCUMENTATION_COMMENTS = YES;
				CLANG_WARN_EMPTY_BODY = YES;
				CLANG_WARN_ENUM_CONVERSION = YES;
				CLANG_WARN_INFINITE_RECURSION = YES;
				CLANG_WARN_INT_CONVERSION = YES;
				CLANG_WARN_OBJC_ROOT_CLASS = YES_ERROR;
				CLANG_WARN_SUSPICIOUS_MOVE = YES;
				CLANG_WARN_UNREACHABLE_CODE = YES;
				CLANG_WARN__DUPLICATE_METHOD_MATCH = YES;
				"CODE_SIGN_IDENTITY[sdk=iphoneos*]" = "iPhone Developer";
				COPY_PHASE_STRIP = NO;
				DEBUG_INFORMATION_FORMAT = dwarf;
				ENABLE_STRICT_OBJC_MSGSEND = YES;
				ENABLE_TESTABILITY = YES;
				GCC_C_LANGUAGE_STANDARD = gnu99;
				GCC_DYNAMIC_NO_PIC = NO;
				GCC_NO_COMMON_BLOCKS = YES;
				GCC_OPTIMIZATION_LEVEL = 0;
				GCC_PREPROCESSOR_DEFINITIONS = (
					"DEBUG=1",
					"$(inherited)",
				);
				GCC_WARN_64_TO_32_BIT_CONVERSION = YES;
				GCC_WARN_ABOUT_RETURN_TYPE = YES_ERROR;
				GCC_WARN_UNDECLARED_SELECTOR = YES;
				GCC_WARN_UNINITIALIZED_AUTOS = YES_AGGRESSIVE;
				GCC_WARN_UNUSED_FUNCTION = YES;
				GCC_WARN_UNUSED_VARIABLE = YES;
				IPHONEOS_DEPLOYMENT_TARGET = 10.2;
				MTL_ENABLE_DEBUG_INFO = YES;
				ONLY_ACTIVE_ARCH = YES;
				SDKROOT = iphoneos;
				SWIFT_ACTIVE_COMPILATION_CONDITIONS = DEBUG;
				SWIFT_OPTIMIZATION_LEVEL = "-Onone";
				TARGETED_DEVICE_FAMILY = "1,2";
			};
			name = Debug;
		};
		9FED8F3F1E73A4A100AE5E64 /* Release */ = {
			isa = XCBuildConfiguration;
			buildSettings = {
				ALWAYS_SEARCH_USER_PATHS = NO;
				CLANG_ANALYZER_NONNULL = YES;
				CLANG_CXX_LANGUAGE_STANDARD = "gnu++0x";
				CLANG_CXX_LIBRARY = "libc++";
				CLANG_ENABLE_MODULES = YES;
				CLANG_ENABLE_OBJC_ARC = YES;
				CLANG_WARN_BOOL_CONVERSION = YES;
				CLANG_WARN_CONSTANT_CONVERSION = YES;
				CLANG_WARN_DIRECT_OBJC_ISA_USAGE = YES_ERROR;
				CLANG_WARN_DOCUMENTATION_COMMENTS = YES;
				CLANG_WARN_EMPTY_BODY = YES;
				CLANG_WARN_ENUM_CONVERSION = YES;
				CLANG_WARN_INFINITE_RECURSION = YES;
				CLANG_WARN_INT_CONVERSION = YES;
				CLANG_WARN_OBJC_ROOT_CLASS = YES_ERROR;
				CLANG_WARN_SUSPICIOUS_MOVE = YES;
				CLANG_WARN_UNREACHABLE_CODE = YES;
				CLANG_WARN__DUPLICATE_METHOD_MATCH = YES;
				"CODE_SIGN_IDENTITY[sdk=iphoneos*]" = "iPhone Developer";
				COPY_PHASE_STRIP = NO;
				DEBUG_INFORMATION_FORMAT = "dwarf-with-dsym";
				ENABLE_NS_ASSERTIONS = NO;
				ENABLE_STRICT_OBJC_MSGSEND = YES;
				GCC_C_LANGUAGE_STANDARD = gnu99;
				GCC_NO_COMMON_BLOCKS = YES;
				GCC_WARN_64_TO_32_BIT_CONVERSION = YES;
				GCC_WARN_ABOUT_RETURN_TYPE = YES_ERROR;
				GCC_WARN_UNDECLARED_SELECTOR = YES;
				GCC_WARN_UNINITIALIZED_AUTOS = YES_AGGRESSIVE;
				GCC_WARN_UNUSED_FUNCTION = YES;
				GCC_WARN_UNUSED_VARIABLE = YES;
				IPHONEOS_DEPLOYMENT_TARGET = 10.2;
				MTL_ENABLE_DEBUG_INFO = NO;
				SDKROOT = iphoneos;
				SWIFT_OPTIMIZATION_LEVEL = "-Owholemodule";
				TARGETED_DEVICE_FAMILY = "1,2";
				VALIDATE_PRODUCT = YES;
			};
			name = Release;
		};
		9FED8F411E73A4A100AE5E64 /* Debug */ = {
			isa = XCBuildConfiguration;
			buildSettings = {
				ASSETCATALOG_COMPILER_APPICON_NAME = AppIcon;
				DEVELOPMENT_TEAM = RW3UGNN4H9;
				INFOPLIST_FILE = demoCoreData/Info.plist;
				LD_RUNPATH_SEARCH_PATHS = "$(inherited) @executable_path/Frameworks";
				PRODUCT_BUNDLE_IDENTIFIER = Godfather.demoCoreData;
				PRODUCT_NAME = "$(TARGET_NAME)";
				SWIFT_VERSION = 3.0;
			};
			name = Debug;
		};
		9FED8F421E73A4A100AE5E64 /* Release */ = {
			isa = XCBuildConfiguration;
			buildSettings = {
				ASSETCATALOG_COMPILER_APPICON_NAME = AppIcon;
				DEVELOPMENT_TEAM = RW3UGNN4H9;
				INFOPLIST_FILE = demoCoreData/Info.plist;
				LD_RUNPATH_SEARCH_PATHS = "$(inherited) @executable_path/Frameworks";
				PRODUCT_BUNDLE_IDENTIFIER = Godfather.demoCoreData;
				PRODUCT_NAME = "$(TARGET_NAME)";
				SWIFT_VERSION = 3.0;
			};
			name = Release;
		};
/* End XCBuildConfiguration section */

/* Begin XCConfigurationList section */
		9FED8F261E73A4A100AE5E64 /* Build configuration list for PBXProject "demoCoreData" */ = {
			isa = XCConfigurationList;
			buildConfigurations = (
				9FED8F3E1E73A4A100AE5E64 /* Debug */,
				9FED8F3F1E73A4A100AE5E64 /* Release */,
			);
			defaultConfigurationIsVisible = 0;
			defaultConfigurationName = Release;
		};
		9FED8F401E73A4A100AE5E64 /* Build configuration list for PBXNativeTarget "demoCoreData" */ = {
			isa = XCConfigurationList;
			buildConfigurations = (
				9FED8F411E73A4A100AE5E64 /* Debug */,
				9FED8F421E73A4A100AE5E64 /* Release */,
			);
			defaultConfigurationIsVisible = 0;
			defaultConfigurationName = Release;
		};
/* End XCConfigurationList section */

/* Begin XCVersionGroup section */
		9FED8F351E73A4A100AE5E64 /* demoCoreData.xcdatamodeld */ = {
			isa = XCVersionGroup;
			children = (
				9FED8F361E73A4A100AE5E64 /* demoCoreData.xcdatamodel */,
			);
			currentVersion = 9FED8F361E73A4A100AE5E64 /* demoCoreData.xcdatamodel */;
			path = demoCoreData.xcdatamodeld;
			sourceTree = "<group>";
			versionGroupType = wrapper.xcdatamodel;
		};
/* End XCVersionGroup section */
	};
	rootObject = 9FED8F231E73A4A100AE5E64 /* Project object */;
}
